// !$*UTF8*$!
{
	archiveVersion = 1;
	classes = {
	};
	objectVersion = 55;
	objects = {

/* Begin PBXBuildFile section */
		24930B1927392FFD00A4545F /* day2_2practiceApp.swift in Sources */ = {isa = PBXBuildFile; fileRef = 24930B1827392FFD00A4545F /* day2_2practiceApp.swift */; };
		24930B1B27392FFD00A4545F /* VerificationNumber.swift in Sources */ = {isa = PBXBuildFile; fileRef = 24930B1A27392FFD00A4545F /* VerificationNumber.swift */; };
		24930B1D2739300000A4545F /* Assets.xcassets in Resources */ = {isa = PBXBuildFile; fileRef = 24930B1C2739300000A4545F /* Assets.xcassets */; };
		24930B202739300000A4545F /* Preview Assets.xcassets in Resources */ = {isa = PBXBuildFile; fileRef = 24930B1F2739300000A4545F /* Preview Assets.xcassets */; };
		24930B2A2739300000A4545F /* day2_2practiceTests.swift in Sources */ = {isa = PBXBuildFile; fileRef = 24930B292739300000A4545F /* day2_2practiceTests.swift */; };
		24930B342739300000A4545F /* day2_2practiceUITests.swift in Sources */ = {isa = PBXBuildFile; fileRef = 24930B332739300000A4545F /* day2_2practiceUITests.swift */; };
		24930B362739300000A4545F /* day2_2practiceUITestsLaunchTests.swift in Sources */ = {isa = PBXBuildFile; fileRef = 24930B352739300000A4545F /* day2_2practiceUITestsLaunchTests.swift */; };
		24930B43273930F000A4545F /* Card.swift in Sources */ = {isa = PBXBuildFile; fileRef = 24930B42273930F000A4545F /* Card.swift */; };
		24930B452739323C00A4545F /* ColorHex.swift in Sources */ = {isa = PBXBuildFile; fileRef = 24930B442739323C00A4545F /* ColorHex.swift */; };
		24930B47273932D400A4545F /* CustomTextField.swift in Sources */ = {isa = PBXBuildFile; fileRef = 24930B46273932D400A4545F /* CustomTextField.swift */; };
		24930B49273A050E00A4545F /* ButtonStyle.swift in Sources */ = {isa = PBXBuildFile; fileRef = 24930B48273A050E00A4545F /* ButtonStyle.swift */; };
		24930B4B273A5E6300A4545F /* LoanTerms.swift in Sources */ = {isa = PBXBuildFile; fileRef = 24930B4A273A5E6300A4545F /* LoanTerms.swift */; };
		24930B4D273A65F400A4545F /* ToolTip.swift in Sources */ = {isa = PBXBuildFile; fileRef = 24930B4C273A65F400A4545F /* ToolTip.swift */; };
/* End PBXBuildFile section */

/* Begin PBXContainerItemProxy section */
		24930B262739300000A4545F /* PBXContainerItemProxy */ = {
			isa = PBXContainerItemProxy;
			containerPortal = 24930B0D27392FFD00A4545F /* Project object */;
			proxyType = 1;
			remoteGlobalIDString = 24930B1427392FFD00A4545F;
			remoteInfo = "day2-2practice";
		};
		24930B302739300000A4545F /* PBXContainerItemProxy */ = {
			isa = PBXContainerItemProxy;
			containerPortal = 24930B0D27392FFD00A4545F /* Project object */;
			proxyType = 1;
			remoteGlobalIDString = 24930B1427392FFD00A4545F;
			remoteInfo = "day2-2practice";
		};
/* End PBXContainerItemProxy section */

/* Begin PBXFileReference section */
		24930B1527392FFD00A4545F /* day2-2practice.app */ = {isa = PBXFileReference; explicitFileType = wrapper.application; includeInIndex = 0; path = "day2-2practice.app"; sourceTree = BUILT_PRODUCTS_DIR; };
		24930B1827392FFD00A4545F /* day2_2practiceApp.swift */ = {isa = PBXFileReference; lastKnownFileType = sourcecode.swift; path = day2_2practiceApp.swift; sourceTree = "<group>"; };
		24930B1A27392FFD00A4545F /* VerificationNumber.swift */ = {isa = PBXFileReference; lastKnownFileType = sourcecode.swift; path = VerificationNumber.swift; sourceTree = "<group>"; };
		24930B1C2739300000A4545F /* Assets.xcassets */ = {isa = PBXFileReference; lastKnownFileType = folder.assetcatalog; path = Assets.xcassets; sourceTree = "<group>"; };
		24930B1F2739300000A4545F /* Preview Assets.xcassets */ = {isa = PBXFileReference; lastKnownFileType = folder.assetcatalog; path = "Preview Assets.xcassets"; sourceTree = "<group>"; };
		24930B252739300000A4545F /* day2-2practiceTests.xctest */ = {isa = PBXFileReference; explicitFileType = wrapper.cfbundle; includeInIndex = 0; path = "day2-2practiceTests.xctest"; sourceTree = BUILT_PRODUCTS_DIR; };
		24930B292739300000A4545F /* day2_2practiceTests.swift */ = {isa = PBXFileReference; lastKnownFileType = sourcecode.swift; path = day2_2practiceTests.swift; sourceTree = "<group>"; };
		24930B2F2739300000A4545F /* day2-2practiceUITests.xctest */ = {isa = PBXFileReference; explicitFileType = wrapper.cfbundle; includeInIndex = 0; path = "day2-2practiceUITests.xctest"; sourceTree = BUILT_PRODUCTS_DIR; };
		24930B332739300000A4545F /* day2_2practiceUITests.swift */ = {isa = PBXFileReference; lastKnownFileType = sourcecode.swift; path = day2_2practiceUITests.swift; sourceTree = "<group>"; };
		24930B352739300000A4545F /* day2_2practiceUITestsLaunchTests.swift */ = {isa = PBXFileReference; lastKnownFileType = sourcecode.swift; path = day2_2practiceUITestsLaunchTests.swift; sourceTree = "<group>"; };
		24930B42273930F000A4545F /* Card.swift */ = {isa = PBXFileReference; lastKnownFileType = sourcecode.swift; path = Card.swift; sourceTree = "<group>"; };
		24930B442739323C00A4545F /* ColorHex.swift */ = {isa = PBXFileReference; lastKnownFileType = sourcecode.swift; path = ColorHex.swift; sourceTree = "<group>"; };
		24930B46273932D400A4545F /* CustomTextField.swift */ = {isa = PBXFileReference; lastKnownFileType = sourcecode.swift; path = CustomTextField.swift; sourceTree = "<group>"; };
		24930B48273A050E00A4545F /* ButtonStyle.swift */ = {isa = PBXFileReference; lastKnownFileType = sourcecode.swift; path = ButtonStyle.swift; sourceTree = "<group>"; };
		24930B4A273A5E6300A4545F /* LoanTerms.swift */ = {isa = PBXFileReference; lastKnownFileType = sourcecode.swift; path = LoanTerms.swift; sourceTree = "<group>"; };
		24930B4C273A65F400A4545F /* ToolTip.swift */ = {isa = PBXFileReference; lastKnownFileType = sourcecode.swift; path = ToolTip.swift; sourceTree = "<group>"; };
/* End PBXFileReference section */

/* Begin PBXFrameworksBuildPhase section */
		24930B1227392FFD00A4545F /* Frameworks */ = {
			isa = PBXFrameworksBuildPhase;
			buildActionMask = 2147483647;
			files = (
			);
			runOnlyForDeploymentPostprocessing = 0;
		};
		24930B222739300000A4545F /* Frameworks */ = {
			isa = PBXFrameworksBuildPhase;
			buildActionMask = 2147483647;
			files = (
			);
			runOnlyForDeploymentPostprocessing = 0;
		};
		24930B2C2739300000A4545F /* Frameworks */ = {
			isa = PBXFrameworksBuildPhase;
			buildActionMask = 2147483647;
			files = (
			);
			runOnlyForDeploymentPostprocessing = 0;
		};
/* End PBXFrameworksBuildPhase section */

/* Begin PBXGroup section */
		24930B0C27392FFD00A4545F = {
			isa = PBXGroup;
			children = (
				24930B1727392FFD00A4545F /* day2-2practice */,
				24930B282739300000A4545F /* day2-2practiceTests */,
				24930B322739300000A4545F /* day2-2practiceUITests */,
				24930B1627392FFD00A4545F /* Products */,
			);
			sourceTree = "<group>";
		};
		24930B1627392FFD00A4545F /* Products */ = {
			isa = PBXGroup;
			children = (
				24930B1527392FFD00A4545F /* day2-2practice.app */,
				24930B252739300000A4545F /* day2-2practiceTests.xctest */,
				24930B2F2739300000A4545F /* day2-2practiceUITests.xctest */,
			);
			name = Products;
			sourceTree = "<group>";
		};
		24930B1727392FFD00A4545F /* day2-2practice */ = {
			isa = PBXGroup;
			children = (
				24930B1827392FFD00A4545F /* day2_2practiceApp.swift */,
				24930B4F273B5FE500A4545F /* ContentView */,
				24930B4E273B5FE000A4545F /* UI */,
				24930B50273B644500A4545F /* Helper */,
				24930B1C2739300000A4545F /* Assets.xcassets */,
				24930B1E2739300000A4545F /* Preview Content */,
			);
			path = "day2-2practice";
			sourceTree = "<group>";
		};
		24930B1E2739300000A4545F /* Preview Content */ = {
			isa = PBXGroup;
			children = (
				24930B1F2739300000A4545F /* Preview Assets.xcassets */,
			);
			path = "Preview Content";
			sourceTree = "<group>";
		};
		24930B282739300000A4545F /* day2-2practiceTests */ = {
			isa = PBXGroup;
			children = (
				24930B292739300000A4545F /* day2_2practiceTests.swift */,
			);
			path = "day2-2practiceTests";
			sourceTree = "<group>";
		};
		24930B322739300000A4545F /* day2-2practiceUITests */ = {
			isa = PBXGroup;
			children = (
				24930B332739300000A4545F /* day2_2practiceUITests.swift */,
				24930B352739300000A4545F /* day2_2practiceUITestsLaunchTests.swift */,
			);
			path = "day2-2practiceUITests";
			sourceTree = "<group>";
		};
		24930B4E273B5FE000A4545F /* UI */ = {
			isa = PBXGroup;
			children = (
				24930B48273A050E00A4545F /* ButtonStyle.swift */,
				24930B42273930F000A4545F /* Card.swift */,
				24930B46273932D400A4545F /* CustomTextField.swift */,
				24930B4C273A65F400A4545F /* ToolTip.swift */,
			);
			path = UI;
			sourceTree = "<group>";
		};
		24930B4F273B5FE500A4545F /* ContentView */ = {
			isa = PBXGroup;
			children = (
				24930B4A273A5E6300A4545F /* LoanTerms.swift */,
				24930B1A27392FFD00A4545F /* VerificationNumber.swift */,
			);
			path = ContentView;
			sourceTree = "<group>";
		};
		24930B50273B644500A4545F /* Helper */ = {
			isa = PBXGroup;
			children = (
				24930B51273B644D00A4545F /* UI */,
			);
			path = Helper;
			sourceTree = "<group>";
		};
		24930B51273B644D00A4545F /* UI */ = {
			isa = PBXGroup;
			children = (
				24930B442739323C00A4545F /* ColorHex.swift */,
			);
			path = UI;
			sourceTree = "<group>";
		};
/* End PBXGroup section */

/* Begin PBXNativeTarget section */
		24930B1427392FFD00A4545F /* day2-2practice */ = {
			isa = PBXNativeTarget;
			buildConfigurationList = 24930B392739300000A4545F /* Build configuration list for PBXNativeTarget "day2-2practice" */;
			buildPhases = (
				24930B1127392FFD00A4545F /* Sources */,
				24930B1227392FFD00A4545F /* Frameworks */,
				24930B1327392FFD00A4545F /* Resources */,
			);
			buildRules = (
			);
			dependencies = (
			);
			name = "day2-2practice";
			productName = "day2-2practice";
			productReference = 24930B1527392FFD00A4545F /* day2-2practice.app */;
			productType = "com.apple.product-type.application";
		};
		24930B242739300000A4545F /* day2-2practiceTests */ = {
			isa = PBXNativeTarget;
			buildConfigurationList = 24930B3C2739300000A4545F /* Build configuration list for PBXNativeTarget "day2-2practiceTests" */;
			buildPhases = (
				24930B212739300000A4545F /* Sources */,
				24930B222739300000A4545F /* Frameworks */,
				24930B232739300000A4545F /* Resources */,
			);
			buildRules = (
			);
			dependencies = (
				24930B272739300000A4545F /* PBXTargetDependency */,
			);
			name = "day2-2practiceTests";
			productName = "day2-2practiceTests";
			productReference = 24930B252739300000A4545F /* day2-2practiceTests.xctest */;
			productType = "com.apple.product-type.bundle.unit-test";
		};
		24930B2E2739300000A4545F /* day2-2practiceUITests */ = {
			isa = PBXNativeTarget;
			buildConfigurationList = 24930B3F2739300000A4545F /* Build configuration list for PBXNativeTarget "day2-2practiceUITests" */;
			buildPhases = (
				24930B2B2739300000A4545F /* Sources */,
				24930B2C2739300000A4545F /* Frameworks */,
				24930B2D2739300000A4545F /* Resources */,
			);
			buildRules = (
			);
			dependencies = (
				24930B312739300000A4545F /* PBXTargetDependency */,
			);
			name = "day2-2practiceUITests";
			productName = "day2-2practiceUITests";
			productReference = 24930B2F2739300000A4545F /* day2-2practiceUITests.xctest */;
			productType = "com.apple.product-type.bundle.ui-testing";
		};
/* End PBXNativeTarget section */

/* Begin PBXProject section */
		24930B0D27392FFD00A4545F /* Project object */ = {
			isa = PBXProject;
			attributes = {
				BuildIndependentTargetsInParallel = 1;
				LastSwiftUpdateCheck = 1310;
				LastUpgradeCheck = 1310;
				TargetAttributes = {
					24930B1427392FFD00A4545F = {
						CreatedOnToolsVersion = 13.1;
					};
					24930B242739300000A4545F = {
						CreatedOnToolsVersion = 13.1;
						TestTargetID = 24930B1427392FFD00A4545F;
					};
					24930B2E2739300000A4545F = {
						CreatedOnToolsVersion = 13.1;
						TestTargetID = 24930B1427392FFD00A4545F;
					};
				};
			};
			buildConfigurationList = 24930B1027392FFD00A4545F /* Build configuration list for PBXProject "day2-2practice" */;
			compatibilityVersion = "Xcode 13.0";
			developmentRegion = en;
			hasScannedForEncodings = 0;
			knownRegions = (
				en,
				Base,
			);
			mainGroup = 24930B0C27392FFD00A4545F;
			productRefGroup = 24930B1627392FFD00A4545F /* Products */;
			projectDirPath = "";
			projectRoot = "";
			targets = (
				24930B1427392FFD00A4545F /* day2-2practice */,
				24930B242739300000A4545F /* day2-2practiceTests */,
				24930B2E2739300000A4545F /* day2-2practiceUITests */,
			);
		};
/* End PBXProject section */

/* Begin PBXResourcesBuildPhase section */
		24930B1327392FFD00A4545F /* Resources */ = {
			isa = PBXResourcesBuildPhase;
			buildActionMask = 2147483647;
			files = (
				24930B202739300000A4545F /* Preview Assets.xcassets in Resources */,
				24930B1D2739300000A4545F /* Assets.xcassets in Resources */,
			);
			runOnlyForDeploymentPostprocessing = 0;
		};
		24930B232739300000A4545F /* Resources */ = {
			isa = PBXResourcesBuildPhase;
			buildActionMask = 2147483647;
			files = (
			);
			runOnlyForDeploymentPostprocessing = 0;
		};
		24930B2D2739300000A4545F /* Resources */ = {
			isa = PBXResourcesBuildPhase;
			buildActionMask = 2147483647;
			files = (
			);
			runOnlyForDeploymentPostprocessing = 0;
		};
/* End PBXResourcesBuildPhase section */

/* Begin PBXSourcesBuildPhase section */
		24930B1127392FFD00A4545F /* Sources */ = {
			isa = PBXSourcesBuildPhase;
			buildActionMask = 2147483647;
			files = (
				24930B1B27392FFD00A4545F /* VerificationNumber.swift in Sources */,
				24930B49273A050E00A4545F /* ButtonStyle.swift in Sources */,
				24930B47273932D400A4545F /* CustomTextField.swift in Sources */,
				24930B4D273A65F400A4545F /* ToolTip.swift in Sources */,
				24930B452739323C00A4545F /* ColorHex.swift in Sources */,
				24930B43273930F000A4545F /* Card.swift in Sources */,
				24930B4B273A5E6300A4545F /* LoanTerms.swift in Sources */,
				24930B1927392FFD00A4545F /* day2_2practiceApp.swift in Sources */,
			);
			runOnlyForDeploymentPostprocessing = 0;
		};
		24930B212739300000A4545F /* Sources */ = {
			isa = PBXSourcesBuildPhase;
			buildActionMask = 2147483647;
			files = (
				24930B2A2739300000A4545F /* day2_2practiceTests.swift in Sources */,
			);
			runOnlyForDeploymentPostprocessing = 0;
		};
		24930B2B2739300000A4545F /* Sources */ = {
			isa = PBXSourcesBuildPhase;
			buildActionMask = 2147483647;
			files = (
				24930B362739300000A4545F /* day2_2practiceUITestsLaunchTests.swift in Sources */,
				24930B342739300000A4545F /* day2_2practiceUITests.swift in Sources */,
			);
			runOnlyForDeploymentPostprocessing = 0;
		};
/* End PBXSourcesBuildPhase section */

/* Begin PBXTargetDependency section */
		24930B272739300000A4545F /* PBXTargetDependency */ = {
			isa = PBXTargetDependency;
			target = 24930B1427392FFD00A4545F /* day2-2practice */;
			targetProxy = 24930B262739300000A4545F /* PBXContainerItemProxy */;
		};
		24930B312739300000A4545F /* PBXTargetDependency */ = {
			isa = PBXTargetDependency;
			target = 24930B1427392FFD00A4545F /* day2-2practice */;
			targetProxy = 24930B302739300000A4545F /* PBXContainerItemProxy */;
		};
/* End PBXTargetDependency section */

/* Begin XCBuildConfiguration section */
		24930B372739300000A4545F /* Debug */ = {
			isa = XCBuildConfiguration;
			buildSettings = {
				ALWAYS_SEARCH_USER_PATHS = NO;
				CLANG_ANALYZER_NONNULL = YES;
				CLANG_ANALYZER_NUMBER_OBJECT_CONVERSION = YES_AGGRESSIVE;
				CLANG_CXX_LANGUAGE_STANDARD = "gnu++17";
				CLANG_CXX_LIBRARY = "libc++";
				CLANG_ENABLE_MODULES = YES;
				CLANG_ENABLE_OBJC_ARC = YES;
				CLANG_ENABLE_OBJC_WEAK = YES;
				CLANG_WARN_BLOCK_CAPTURE_AUTORELEASING = YES;
				CLANG_WARN_BOOL_CONVERSION = YES;
				CLANG_WARN_COMMA = YES;
				CLANG_WARN_CONSTANT_CONVERSION = YES;
				CLANG_WARN_DEPRECATED_OBJC_IMPLEMENTATIONS = YES;
				CLANG_WARN_DIRECT_OBJC_ISA_USAGE = YES_ERROR;
				CLANG_WARN_DOCUMENTATION_COMMENTS = YES;
				CLANG_WARN_EMPTY_BODY = YES;
				CLANG_WARN_ENUM_CONVERSION = YES;
				CLANG_WARN_INFINITE_RECURSION = YES;
				CLANG_WARN_INT_CONVERSION = YES;
				CLANG_WARN_NON_LITERAL_NULL_CONVERSION = YES;
				CLANG_WARN_OBJC_IMPLICIT_RETAIN_SELF = YES;
				CLANG_WARN_OBJC_LITERAL_CONVERSION = YES;
				CLANG_WARN_OBJC_ROOT_CLASS = YES_ERROR;
				CLANG_WARN_QUOTED_INCLUDE_IN_FRAMEWORK_HEADER = YES;
				CLANG_WARN_RANGE_LOOP_ANALYSIS = YES;
				CLANG_WARN_STRICT_PROTOTYPES = YES;
				CLANG_WARN_SUSPICIOUS_MOVE = YES;
				CLANG_WARN_UNGUARDED_AVAILABILITY = YES_AGGRESSIVE;
				CLANG_WARN_UNREACHABLE_CODE = YES;
				CLANG_WARN__DUPLICATE_METHOD_MATCH = YES;
				COPY_PHASE_STRIP = NO;
				DEBUG_INFORMATION_FORMAT = dwarf;
				ENABLE_STRICT_OBJC_MSGSEND = YES;
				ENABLE_TESTABILITY = YES;
				GCC_C_LANGUAGE_STANDARD = gnu11;
				GCC_DYNAMIC_NO_PIC = NO;
				GCC_NO_COMMON_BLOCKS = YES;
				GCC_OPTIMIZATION_LEVEL = 0;
				GCC_PREPROCESSOR_DEFINITIONS = (
					"DEBUG=1",
					"$(inherited)",
				);
				GCC_WARN_64_TO_32_BIT_CONVERSION = YES;
				GCC_WARN_ABOUT_RETURN_TYPE = YES_ERROR;
				GCC_WARN_UNDECLARED_SELECTOR = YES;
				GCC_WARN_UNINITIALIZED_AUTOS = YES_AGGRESSIVE;
				GCC_WARN_UNUSED_FUNCTION = YES;
				GCC_WARN_UNUSED_VARIABLE = YES;
				IPHONEOS_DEPLOYMENT_TARGET = 15.0;
				MTL_ENABLE_DEBUG_INFO = INCLUDE_SOURCE;
				MTL_FAST_MATH = YES;
				ONLY_ACTIVE_ARCH = YES;
				SDKROOT = iphoneos;
				SWIFT_ACTIVE_COMPILATION_CONDITIONS = DEBUG;
				SWIFT_OPTIMIZATION_LEVEL = "-Onone";
			};
			name = Debug;
		};
		24930B382739300000A4545F /* Release */ = {
			isa = XCBuildConfiguration;
			buildSettings = {
				ALWAYS_SEARCH_USER_PATHS = NO;
				CLANG_ANALYZER_NONNULL = YES;
				CLANG_ANALYZER_NUMBER_OBJECT_CONVERSION = YES_AGGRESSIVE;
				CLANG_CXX_LANGUAGE_STANDARD = "gnu++17";
				CLANG_CXX_LIBRARY = "libc++";
				CLANG_ENABLE_MODULES = YES;
				CLANG_ENABLE_OBJC_ARC = YES;
				CLANG_ENABLE_OBJC_WEAK = YES;
				CLANG_WARN_BLOCK_CAPTURE_AUTORELEASING = YES;
				CLANG_WARN_BOOL_CONVERSION = YES;
				CLANG_WARN_COMMA = YES;
				CLANG_WARN_CONSTANT_CONVERSION = YES;
				CLANG_WARN_DEPRECATED_OBJC_IMPLEMENTATIONS = YES;
				CLANG_WARN_DIRECT_OBJC_ISA_USAGE = YES_ERROR;
				CLANG_WARN_DOCUMENTATION_COMMENTS = YES;
				CLANG_WARN_EMPTY_BODY = YES;
				CLANG_WARN_ENUM_CONVERSION = YES;
				CLANG_WARN_INFINITE_RECURSION = YES;
				CLANG_WARN_INT_CONVERSION = YES;
				CLANG_WARN_NON_LITERAL_NULL_CONVERSION = YES;
				CLANG_WARN_OBJC_IMPLICIT_RETAIN_SELF = YES;
				CLANG_WARN_OBJC_LITERAL_CONVERSION = YES;
				CLANG_WARN_OBJC_ROOT_CLASS = YES_ERROR;
				CLANG_WARN_QUOTED_INCLUDE_IN_FRAMEWORK_HEADER = YES;
				CLANG_WARN_RANGE_LOOP_ANALYSIS = YES;
				CLANG_WARN_STRICT_PROTOTYPES = YES;
				CLANG_WARN_SUSPICIOUS_MOVE = YES;
				CLANG_WARN_UNGUARDED_AVAILABILITY = YES_AGGRESSIVE;
				CLANG_WARN_UNREACHABLE_CODE = YES;
				CLANG_WARN__DUPLICATE_METHOD_MATCH = YES;
				COPY_PHASE_STRIP = NO;
				DEBUG_INFORMATION_FORMAT = "dwarf-with-dsym";
				ENABLE_NS_ASSERTIONS = NO;
				ENABLE_STRICT_OBJC_MSGSEND = YES;
				GCC_C_LANGUAGE_STANDARD = gnu11;
				GCC_NO_COMMON_BLOCKS = YES;
				GCC_WARN_64_TO_32_BIT_CONVERSION = YES;
				GCC_WARN_ABOUT_RETURN_TYPE = YES_ERROR;
				GCC_WARN_UNDECLARED_SELECTOR = YES;
				GCC_WARN_UNINITIALIZED_AUTOS = YES_AGGRESSIVE;
				GCC_WARN_UNUSED_FUNCTION = YES;
				GCC_WARN_UNUSED_VARIABLE = YES;
				IPHONEOS_DEPLOYMENT_TARGET = 15.0;
				MTL_ENABLE_DEBUG_INFO = NO;
				MTL_FAST_MATH = YES;
				SDKROOT = iphoneos;
				SWIFT_COMPILATION_MODE = wholemodule;
				SWIFT_OPTIMIZATION_LEVEL = "-O";
				VALIDATE_PRODUCT = YES;
			};
			name = Release;
		};
		24930B3A2739300000A4545F /* Debug */ = {
			isa = XCBuildConfiguration;
			buildSettings = {
				ASSETCATALOG_COMPILER_APPICON_NAME = AppIcon;
				ASSETCATALOG_COMPILER_GLOBAL_ACCENT_COLOR_NAME = AccentColor;
				CODE_SIGN_STYLE = Automatic;
				CURRENT_PROJECT_VERSION = 1;
				DEVELOPMENT_ASSET_PATHS = "\"day2-2practice/Preview Content\"";
				ENABLE_PREVIEWS = YES;
				GENERATE_INFOPLIST_FILE = YES;
				INFOPLIST_KEY_UIApplicationSceneManifest_Generation = YES;
				INFOPLIST_KEY_UIApplicationSupportsIndirectInputEvents = YES;
				INFOPLIST_KEY_UILaunchScreen_Generation = YES;
				INFOPLIST_KEY_UISupportedInterfaceOrientations_iPad = "UIInterfaceOrientationPortrait UIInterfaceOrientationPortraitUpsideDown UIInterfaceOrientationLandscapeLeft UIInterfaceOrientationLandscapeRight";
				INFOPLIST_KEY_UISupportedInterfaceOrientations_iPhone = "UIInterfaceOrientationPortrait UIInterfaceOrientationLandscapeLeft UIInterfaceOrientationLandscapeRight";
				LD_RUNPATH_SEARCH_PATHS = (
					"$(inherited)",
					"@executable_path/Frameworks",
				);
				MARKETING_VERSION = 1.0;
				PRODUCT_BUNDLE_IDENTIFIER = "kr.co.peoplefund.day2-2practice";
				PRODUCT_NAME = "$(TARGET_NAME)";
				SWIFT_EMIT_LOC_STRINGS = YES;
				SWIFT_VERSION = 5.0;
				TARGETED_DEVICE_FAMILY = "1,2";
			};
			name = Debug;
		};
		24930B3B2739300000A4545F /* Release */ = {
			isa = XCBuildConfiguration;
			buildSettings = {
				ASSETCATALOG_COMPILER_APPICON_NAME = AppIcon;
				ASSETCATALOG_COMPILER_GLOBAL_ACCENT_COLOR_NAME = AccentColor;
				CODE_SIGN_STYLE = Automatic;
				CURRENT_PROJECT_VERSION = 1;
				DEVELOPMENT_ASSET_PATHS = "\"day2-2practice/Preview Content\"";
				ENABLE_PREVIEWS = YES;
				GENERATE_INFOPLIST_FILE = YES;
				INFOPLIST_KEY_UIApplicationSceneManifest_Generation = YES;
				INFOPLIST_KEY_UIApplicationSupportsIndirectInputEvents = YES;
				INFOPLIST_KEY_UILaunchScreen_Generation = YES;
				INFOPLIST_KEY_UISupportedInterfaceOrientations_iPad = "UIInterfaceOrientationPortrait UIInterfaceOrientationPortraitUpsideDown UIInterfaceOrientationLandscapeLeft UIInterfaceOrientationLandscapeRight";
				INFOPLIST_KEY_UISupportedInterfaceOrientations_iPhone = "UIInterfaceOrientationPortrait UIInterfaceOrientationLandscapeLeft UIInterfaceOrientationLandscapeRight";
				LD_RUNPATH_SEARCH_PATHS = (
					"$(inherited)",
					"@executable_path/Frameworks",
				);
				MARKETING_VERSION = 1.0;
				PRODUCT_BUNDLE_IDENTIFIER = "kr.co.peoplefund.day2-2practice";
				PRODUCT_NAME = "$(TARGET_NAME)";
				SWIFT_EMIT_LOC_STRINGS = YES;
				SWIFT_VERSION = 5.0;
				TARGETED_DEVICE_FAMILY = "1,2";
			};
			name = Release;
		};
		24930B3D2739300000A4545F /* Debug */ = {
			isa = XCBuildConfiguration;
			buildSettings = {
				ALWAYS_EMBED_SWIFT_STANDARD_LIBRARIES = YES;
				BUNDLE_LOADER = "$(TEST_HOST)";
				CODE_SIGN_STYLE = Automatic;
				CURRENT_PROJECT_VERSION = 1;
				GENERATE_INFOPLIST_FILE = YES;
				IPHONEOS_DEPLOYMENT_TARGET = 15.0;
				LD_RUNPATH_SEARCH_PATHS = (
					"$(inherited)",
					"@executable_path/Frameworks",
					"@loader_path/Frameworks",
				);
				MARKETING_VERSION = 1.0;
				PRODUCT_BUNDLE_IDENTIFIER = "kr.co.peoplefund.day2-2practiceTests";
				PRODUCT_NAME = "$(TARGET_NAME)";
				SWIFT_EMIT_LOC_STRINGS = NO;
				SWIFT_VERSION = 5.0;
				TARGETED_DEVICE_FAMILY = "1,2";
				TEST_HOST = "$(BUILT_PRODUCTS_DIR)/day2-2practice.app/day2-2practice";
			};
			name = Debug;
		};
		24930B3E2739300000A4545F /* Release */ = {
			isa = XCBuildConfiguration;
			buildSettings = {
				ALWAYS_EMBED_SWIFT_STANDARD_LIBRARIES = YES;
				BUNDLE_LOADER = "$(TEST_HOST)";
				CODE_SIGN_STYLE = Automatic;
				CURRENT_PROJECT_VERSION = 1;
				GENERATE_INFOPLIST_FILE = YES;
				IPHONEOS_DEPLOYMENT_TARGET = 15.0;
				LD_RUNPATH_SEARCH_PATHS = (
					"$(inherited)",
					"@executable_path/Frameworks",
					"@loader_path/Frameworks",
				);
				MARKETING_VERSION = 1.0;
				PRODUCT_BUNDLE_IDENTIFIER = "kr.co.peoplefund.day2-2practiceTests";
				PRODUCT_NAME = "$(TARGET_NAME)";
				SWIFT_EMIT_LOC_STRINGS = NO;
				SWIFT_VERSION = 5.0;
				TARGETED_DEVICE_FAMILY = "1,2";
				TEST_HOST = "$(BUILT_PRODUCTS_DIR)/day2-2practice.app/day2-2practice";
			};
			name = Release;
		};
		24930B402739300000A4545F /* Debug */ = {
			isa = XCBuildConfiguration;
			buildSettings = {
				ALWAYS_EMBED_SWIFT_STANDARD_LIBRARIES = YES;
				CODE_SIGN_STYLE = Automatic;
				CURRENT_PROJECT_VERSION = 1;
				GENERATE_INFOPLIST_FILE = YES;
				LD_RUNPATH_SEARCH_PATHS = (
					"$(inherited)",
					"@executable_path/Frameworks",
					"@loader_path/Frameworks",
				);
				MARKETING_VERSION = 1.0;
				PRODUCT_BUNDLE_IDENTIFIER = "kr.co.peoplefund.day2-2practiceUITests";
				PRODUCT_NAME = "$(TARGET_NAME)";
				SWIFT_EMIT_LOC_STRINGS = NO;
				SWIFT_VERSION = 5.0;
				TARGETED_DEVICE_FAMILY = "1,2";
				TEST_TARGET_NAME = "day2-2practice";
			};
			name = Debug;
		};
		24930B412739300000A4545F /* Release */ = {
			isa = XCBuildConfiguration;
			buildSettings = {
				ALWAYS_EMBED_SWIFT_STANDARD_LIBRARIES = YES;
				CODE_SIGN_STYLE = Automatic;
				CURRENT_PROJECT_VERSION = 1;
				GENERATE_INFOPLIST_FILE = YES;
				LD_RUNPATH_SEARCH_PATHS = (
					"$(inherited)",
					"@executable_path/Frameworks",
					"@loader_path/Frameworks",
				);
				MARKETING_VERSION = 1.0;
				PRODUCT_BUNDLE_IDENTIFIER = "kr.co.peoplefund.day2-2practiceUITests";
				PRODUCT_NAME = "$(TARGET_NAME)";
				SWIFT_EMIT_LOC_STRINGS = NO;
				SWIFT_VERSION = 5.0;
				TARGETED_DEVICE_FAMILY = "1,2";
				TEST_TARGET_NAME = "day2-2practice";
			};
			name = Release;
		};
/* End XCBuildConfiguration section */

/* Begin XCConfigurationList section */
		24930B1027392FFD00A4545F /* Build configuration list for PBXProject "day2-2practice" */ = {
			isa = XCConfigurationList;
			buildConfigurations = (
				24930B372739300000A4545F /* Debug */,
				24930B382739300000A4545F /* Release */,
			);
			defaultConfigurationIsVisible = 0;
			defaultConfigurationName = Release;
		};
		24930B392739300000A4545F /* Build configuration list for PBXNativeTarget "day2-2practice" */ = {
			isa = XCConfigurationList;
			buildConfigurations = (
				24930B3A2739300000A4545F /* Debug */,
				24930B3B2739300000A4545F /* Release */,
			);
			defaultConfigurationIsVisible = 0;
			defaultConfigurationName = Release;
		};
		24930B3C2739300000A4545F /* Build configuration list for PBXNativeTarget "day2-2practiceTests" */ = {
			isa = XCConfigurationList;
			buildConfigurations = (
				24930B3D2739300000A4545F /* Debug */,
				24930B3E2739300000A4545F /* Release */,
			);
			defaultConfigurationIsVisible = 0;
			defaultConfigurationName = Release;
		};
		24930B3F2739300000A4545F /* Build configuration list for PBXNativeTarget "day2-2practiceUITests" */ = {
			isa = XCConfigurationList;
			buildConfigurations = (
				24930B402739300000A4545F /* Debug */,
				24930B412739300000A4545F /* Release */,
			);
			defaultConfigurationIsVisible = 0;
			defaultConfigurationName = Release;
		};
/* End XCConfigurationList section */
	};
	rootObject = 24930B0D27392FFD00A4545F /* Project object */;
}
