// !$*UTF8*$!
{
	archiveVersion = 1;
	classes = {
	};
	objectVersion = 55;
	objects = {

/* Begin PBXBuildFile section */
		24F6DC6F27325B0F00F73B47 /* day2_practiceApp.swift in Sources */ = {isa = PBXBuildFile; fileRef = 24F6DC6E27325B0F00F73B47 /* day2_practiceApp.swift */; };
		24F6DC7127325B0F00F73B47 /* ContentView.swift in Sources */ = {isa = PBXBuildFile; fileRef = 24F6DC7027325B0F00F73B47 /* ContentView.swift */; };
		24F6DC7327325B1000F73B47 /* Assets.xcassets in Resources */ = {isa = PBXBuildFile; fileRef = 24F6DC7227325B1000F73B47 /* Assets.xcassets */; };
		24F6DC7627325B1000F73B47 /* Preview Assets.xcassets in Resources */ = {isa = PBXBuildFile; fileRef = 24F6DC7527325B1000F73B47 /* Preview Assets.xcassets */; };
		24F6DC8027325B1100F73B47 /* day2_practiceTests.swift in Sources */ = {isa = PBXBuildFile; fileRef = 24F6DC7F27325B1100F73B47 /* day2_practiceTests.swift */; };
		24F6DC8A27325B1100F73B47 /* day2_practiceUITests.swift in Sources */ = {isa = PBXBuildFile; fileRef = 24F6DC8927325B1100F73B47 /* day2_practiceUITests.swift */; };
		24F6DC8C27325B1100F73B47 /* day2_practiceUITestsLaunchTests.swift in Sources */ = {isa = PBXBuildFile; fileRef = 24F6DC8B27325B1100F73B47 /* day2_practiceUITestsLaunchTests.swift */; };
		24F6DC9D273264AE00F73B47 /* CardView.swift in Sources */ = {isa = PBXBuildFile; fileRef = 24F6DC9C273264AE00F73B47 /* CardView.swift */; };
		24F6DCA227327A9500F73B47 /* CardViewModifier.swift in Sources */ = {isa = PBXBuildFile; fileRef = 24F6DCA127327A9500F73B47 /* CardViewModifier.swift */; };
		24F6DCA42732A73C00F73B47 /* FieldStyle.swift in Sources */ = {isa = PBXBuildFile; fileRef = 24F6DCA32732A73C00F73B47 /* FieldStyle.swift */; };
/* End PBXBuildFile section */

/* Begin PBXContainerItemProxy section */
		24F6DC7C27325B1100F73B47 /* PBXContainerItemProxy */ = {
			isa = PBXContainerItemProxy;
			containerPortal = 24F6DC6327325B0F00F73B47 /* Project object */;
			proxyType = 1;
			remoteGlobalIDString = 24F6DC6A27325B0F00F73B47;
			remoteInfo = "day2-practice";
		};
		24F6DC8627325B1100F73B47 /* PBXContainerItemProxy */ = {
			isa = PBXContainerItemProxy;
			containerPortal = 24F6DC6327325B0F00F73B47 /* Project object */;
			proxyType = 1;
			remoteGlobalIDString = 24F6DC6A27325B0F00F73B47;
			remoteInfo = "day2-practice";
		};
/* End PBXContainerItemProxy section */

/* Begin PBXFileReference section */
		24F6DC6B27325B0F00F73B47 /* day2-practice.app */ = {isa = PBXFileReference; explicitFileType = wrapper.application; includeInIndex = 0; path = "day2-practice.app"; sourceTree = BUILT_PRODUCTS_DIR; };
		24F6DC6E27325B0F00F73B47 /* day2_practiceApp.swift */ = {isa = PBXFileReference; lastKnownFileType = sourcecode.swift; path = day2_practiceApp.swift; sourceTree = "<group>"; };
		24F6DC7027325B0F00F73B47 /* ContentView.swift */ = {isa = PBXFileReference; lastKnownFileType = sourcecode.swift; path = ContentView.swift; sourceTree = "<group>"; };
		24F6DC7227325B1000F73B47 /* Assets.xcassets */ = {isa = PBXFileReference; lastKnownFileType = folder.assetcatalog; path = Assets.xcassets; sourceTree = "<group>"; };
		24F6DC7527325B1000F73B47 /* Preview Assets.xcassets */ = {isa = PBXFileReference; lastKnownFileType = folder.assetcatalog; path = "Preview Assets.xcassets"; sourceTree = "<group>"; };
		24F6DC7B27325B1100F73B47 /* day2-practiceTests.xctest */ = {isa = PBXFileReference; explicitFileType = wrapper.cfbundle; includeInIndex = 0; path = "day2-practiceTests.xctest"; sourceTree = BUILT_PRODUCTS_DIR; };
		24F6DC7F27325B1100F73B47 /* day2_practiceTests.swift */ = {isa = PBXFileReference; lastKnownFileType = sourcecode.swift; path = day2_practiceTests.swift; sourceTree = "<group>"; };
		24F6DC8527325B1100F73B47 /* day2-practiceUITests.xctest */ = {isa = PBXFileReference; explicitFileType = wrapper.cfbundle; includeInIndex = 0; path = "day2-practiceUITests.xctest"; sourceTree = BUILT_PRODUCTS_DIR; };
		24F6DC8927325B1100F73B47 /* day2_practiceUITests.swift */ = {isa = PBXFileReference; lastKnownFileType = sourcecode.swift; path = day2_practiceUITests.swift; sourceTree = "<group>"; };
		24F6DC8B27325B1100F73B47 /* day2_practiceUITestsLaunchTests.swift */ = {isa = PBXFileReference; lastKnownFileType = sourcecode.swift; path = day2_practiceUITestsLaunchTests.swift; sourceTree = "<group>"; };
		24F6DC9C273264AE00F73B47 /* CardView.swift */ = {isa = PBXFileReference; lastKnownFileType = sourcecode.swift; path = CardView.swift; sourceTree = "<group>"; };
		24F6DCA127327A9500F73B47 /* CardViewModifier.swift */ = {isa = PBXFileReference; lastKnownFileType = sourcecode.swift; path = CardViewModifier.swift; sourceTree = "<group>"; };
		24F6DCA32732A73C00F73B47 /* FieldStyle.swift */ = {isa = PBXFileReference; lastKnownFileType = sourcecode.swift; path = FieldStyle.swift; sourceTree = "<group>"; };
/* End PBXFileReference section */

/* Begin PBXFrameworksBuildPhase section */
		24F6DC6827325B0F00F73B47 /* Frameworks */ = {
			isa = PBXFrameworksBuildPhase;
			buildActionMask = 2147483647;
			files = (
			);
			runOnlyForDeploymentPostprocessing = 0;
		};
		24F6DC7827325B1100F73B47 /* Frameworks */ = {
			isa = PBXFrameworksBuildPhase;
			buildActionMask = 2147483647;
			files = (
			);
			runOnlyForDeploymentPostprocessing = 0;
		};
		24F6DC8227325B1100F73B47 /* Frameworks */ = {
			isa = PBXFrameworksBuildPhase;
			buildActionMask = 2147483647;
			files = (
			);
			runOnlyForDeploymentPostprocessing = 0;
		};
/* End PBXFrameworksBuildPhase section */

/* Begin PBXGroup section */
		24F6DC6227325B0F00F73B47 = {
			isa = PBXGroup;
			children = (
				24F6DC6D27325B0F00F73B47 /* day2-practice */,
				24F6DC7E27325B1100F73B47 /* day2-practiceTests */,
				24F6DC8827325B1100F73B47 /* day2-practiceUITests */,
				24F6DC6C27325B0F00F73B47 /* Products */,
			);
			sourceTree = "<group>";
		};
		24F6DC6C27325B0F00F73B47 /* Products */ = {
			isa = PBXGroup;
			children = (
				24F6DC6B27325B0F00F73B47 /* day2-practice.app */,
				24F6DC7B27325B1100F73B47 /* day2-practiceTests.xctest */,
				24F6DC8527325B1100F73B47 /* day2-practiceUITests.xctest */,
			);
			name = Products;
			sourceTree = "<group>";
		};
		24F6DC6D27325B0F00F73B47 /* day2-practice */ = {
			isa = PBXGroup;
			children = (
				24F6DC9E273276A700F73B47 /* Model */,
				24F6DC6E27325B0F00F73B47 /* day2_practiceApp.swift */,
				24F6DC7027325B0F00F73B47 /* ContentView.swift */,
				24F6DC7227325B1000F73B47 /* Assets.xcassets */,
				24F6DC7427325B1000F73B47 /* Preview Content */,
				24F6DC9C273264AE00F73B47 /* CardView.swift */,
				24F6DCA127327A9500F73B47 /* CardViewModifier.swift */,
				24F6DCA32732A73C00F73B47 /* FieldStyle.swift */,
			);
			path = "day2-practice";
			sourceTree = "<group>";
		};
		24F6DC7427325B1000F73B47 /* Preview Content */ = {
			isa = PBXGroup;
			children = (
				24F6DC7527325B1000F73B47 /* Preview Assets.xcassets */,
			);
			path = "Preview Content";
			sourceTree = "<group>";
		};
		24F6DC7E27325B1100F73B47 /* day2-practiceTests */ = {
			isa = PBXGroup;
			children = (
				24F6DC7F27325B1100F73B47 /* day2_practiceTests.swift */,
			);
			path = "day2-practiceTests";
			sourceTree = "<group>";
		};
		24F6DC8827325B1100F73B47 /* day2-practiceUITests */ = {
			isa = PBXGroup;
			children = (
				24F6DC8927325B1100F73B47 /* day2_practiceUITests.swift */,
				24F6DC8B27325B1100F73B47 /* day2_practiceUITestsLaunchTests.swift */,
			);
			path = "day2-practiceUITests";
			sourceTree = "<group>";
		};
		24F6DC9E273276A700F73B47 /* Model */ = {
			isa = PBXGroup;
			children = (
			);
			path = Model;
			sourceTree = "<group>";
		};
/* End PBXGroup section */

/* Begin PBXNativeTarget section */
		24F6DC6A27325B0F00F73B47 /* day2-practice */ = {
			isa = PBXNativeTarget;
			buildConfigurationList = 24F6DC8F27325B1100F73B47 /* Build configuration list for PBXNativeTarget "day2-practice" */;
			buildPhases = (
				24F6DC6727325B0F00F73B47 /* Sources */,
				24F6DC6827325B0F00F73B47 /* Frameworks */,
				24F6DC6927325B0F00F73B47 /* Resources */,
			);
			buildRules = (
			);
			dependencies = (
			);
			name = "day2-practice";
			productName = "day2-practice";
			productReference = 24F6DC6B27325B0F00F73B47 /* day2-practice.app */;
			productType = "com.apple.product-type.application";
		};
		24F6DC7A27325B1100F73B47 /* day2-practiceTests */ = {
			isa = PBXNativeTarget;
			buildConfigurationList = 24F6DC9227325B1100F73B47 /* Build configuration list for PBXNativeTarget "day2-practiceTests" */;
			buildPhases = (
				24F6DC7727325B1100F73B47 /* Sources */,
				24F6DC7827325B1100F73B47 /* Frameworks */,
				24F6DC7927325B1100F73B47 /* Resources */,
			);
			buildRules = (
			);
			dependencies = (
				24F6DC7D27325B1100F73B47 /* PBXTargetDependency */,
			);
			name = "day2-practiceTests";
			productName = "day2-practiceTests";
			productReference = 24F6DC7B27325B1100F73B47 /* day2-practiceTests.xctest */;
			productType = "com.apple.product-type.bundle.unit-test";
		};
		24F6DC8427325B1100F73B47 /* day2-practiceUITests */ = {
			isa = PBXNativeTarget;
			buildConfigurationList = 24F6DC9527325B1100F73B47 /* Build configuration list for PBXNativeTarget "day2-practiceUITests" */;
			buildPhases = (
				24F6DC8127325B1100F73B47 /* Sources */,
				24F6DC8227325B1100F73B47 /* Frameworks */,
				24F6DC8327325B1100F73B47 /* Resources */,
			);
			buildRules = (
			);
			dependencies = (
				24F6DC8727325B1100F73B47 /* PBXTargetDependency */,
			);
			name = "day2-practiceUITests";
			productName = "day2-practiceUITests";
			productReference = 24F6DC8527325B1100F73B47 /* day2-practiceUITests.xctest */;
			productType = "com.apple.product-type.bundle.ui-testing";
		};
/* End PBXNativeTarget section */

/* Begin PBXProject section */
		24F6DC6327325B0F00F73B47 /* Project object */ = {
			isa = PBXProject;
			attributes = {
				BuildIndependentTargetsInParallel = 1;
				LastSwiftUpdateCheck = 1310;
				LastUpgradeCheck = 1310;
				TargetAttributes = {
					24F6DC6A27325B0F00F73B47 = {
						CreatedOnToolsVersion = 13.1;
					};
					24F6DC7A27325B1100F73B47 = {
						CreatedOnToolsVersion = 13.1;
						TestTargetID = 24F6DC6A27325B0F00F73B47;
					};
					24F6DC8427325B1100F73B47 = {
						CreatedOnToolsVersion = 13.1;
						TestTargetID = 24F6DC6A27325B0F00F73B47;
					};
				};
			};
			buildConfigurationList = 24F6DC6627325B0F00F73B47 /* Build configuration list for PBXProject "day2-practice" */;
			compatibilityVersion = "Xcode 13.0";
			developmentRegion = en;
			hasScannedForEncodings = 0;
			knownRegions = (
				en,
				Base,
			);
			mainGroup = 24F6DC6227325B0F00F73B47;
			productRefGroup = 24F6DC6C27325B0F00F73B47 /* Products */;
			projectDirPath = "";
			projectRoot = "";
			targets = (
				24F6DC6A27325B0F00F73B47 /* day2-practice */,
				24F6DC7A27325B1100F73B47 /* day2-practiceTests */,
				24F6DC8427325B1100F73B47 /* day2-practiceUITests */,
			);
		};
/* End PBXProject section */

/* Begin PBXResourcesBuildPhase section */
		24F6DC6927325B0F00F73B47 /* Resources */ = {
			isa = PBXResourcesBuildPhase;
			buildActionMask = 2147483647;
			files = (
				24F6DC7627325B1000F73B47 /* Preview Assets.xcassets in Resources */,
				24F6DC7327325B1000F73B47 /* Assets.xcassets in Resources */,
			);
			runOnlyForDeploymentPostprocessing = 0;
		};
		24F6DC7927325B1100F73B47 /* Resources */ = {
			isa = PBXResourcesBuildPhase;
			buildActionMask = 2147483647;
			files = (
			);
			runOnlyForDeploymentPostprocessing = 0;
		};
		24F6DC8327325B1100F73B47 /* Resources */ = {
			isa = PBXResourcesBuildPhase;
			buildActionMask = 2147483647;
			files = (
			);
			runOnlyForDeploymentPostprocessing = 0;
		};
/* End PBXResourcesBuildPhase section */

/* Begin PBXSourcesBuildPhase section */
		24F6DC6727325B0F00F73B47 /* Sources */ = {
			isa = PBXSourcesBuildPhase;
			buildActionMask = 2147483647;
			files = (
				24F6DC7127325B0F00F73B47 /* ContentView.swift in Sources */,
				24F6DCA42732A73C00F73B47 /* FieldStyle.swift in Sources */,
				24F6DCA227327A9500F73B47 /* CardViewModifier.swift in Sources */,
				24F6DC6F27325B0F00F73B47 /* day2_practiceApp.swift in Sources */,
				24F6DC9D273264AE00F73B47 /* CardView.swift in Sources */,
			);
			runOnlyForDeploymentPostprocessing = 0;
		};
		24F6DC7727325B1100F73B47 /* Sources */ = {
			isa = PBXSourcesBuildPhase;
			buildActionMask = 2147483647;
			files = (
				24F6DC8027325B1100F73B47 /* day2_practiceTests.swift in Sources */,
			);
			runOnlyForDeploymentPostprocessing = 0;
		};
		24F6DC8127325B1100F73B47 /* Sources */ = {
			isa = PBXSourcesBuildPhase;
			buildActionMask = 2147483647;
			files = (
				24F6DC8A27325B1100F73B47 /* day2_practiceUITests.swift in Sources */,
				24F6DC8C27325B1100F73B47 /* day2_practiceUITestsLaunchTests.swift in Sources */,
			);
			runOnlyForDeploymentPostprocessing = 0;
		};
/* End PBXSourcesBuildPhase section */

/* Begin PBXTargetDependency section */
		24F6DC7D27325B1100F73B47 /* PBXTargetDependency */ = {
			isa = PBXTargetDependency;
			target = 24F6DC6A27325B0F00F73B47 /* day2-practice */;
			targetProxy = 24F6DC7C27325B1100F73B47 /* PBXContainerItemProxy */;
		};
		24F6DC8727325B1100F73B47 /* PBXTargetDependency */ = {
			isa = PBXTargetDependency;
			target = 24F6DC6A27325B0F00F73B47 /* day2-practice */;
			targetProxy = 24F6DC8627325B1100F73B47 /* PBXContainerItemProxy */;
		};
/* End PBXTargetDependency section */

/* Begin XCBuildConfiguration section */
		24F6DC8D27325B1100F73B47 /* Debug */ = {
			isa = XCBuildConfiguration;
			buildSettings = {
				ALWAYS_SEARCH_USER_PATHS = NO;
				CLANG_ANALYZER_NONNULL = YES;
				CLANG_ANALYZER_NUMBER_OBJECT_CONVERSION = YES_AGGRESSIVE;
				CLANG_CXX_LANGUAGE_STANDARD = "gnu++17";
				CLANG_CXX_LIBRARY = "libc++";
				CLANG_ENABLE_MODULES = YES;
				CLANG_ENABLE_OBJC_ARC = YES;
				CLANG_ENABLE_OBJC_WEAK = YES;
				CLANG_WARN_BLOCK_CAPTURE_AUTORELEASING = YES;
				CLANG_WARN_BOOL_CONVERSION = YES;
				CLANG_WARN_COMMA = YES;
				CLANG_WARN_CONSTANT_CONVERSION = YES;
				CLANG_WARN_DEPRECATED_OBJC_IMPLEMENTATIONS = YES;
				CLANG_WARN_DIRECT_OBJC_ISA_USAGE = YES_ERROR;
				CLANG_WARN_DOCUMENTATION_COMMENTS = YES;
				CLANG_WARN_EMPTY_BODY = YES;
				CLANG_WARN_ENUM_CONVERSION = YES;
				CLANG_WARN_INFINITE_RECURSION = YES;
				CLANG_WARN_INT_CONVERSION = YES;
				CLANG_WARN_NON_LITERAL_NULL_CONVERSION = YES;
				CLANG_WARN_OBJC_IMPLICIT_RETAIN_SELF = YES;
				CLANG_WARN_OBJC_LITERAL_CONVERSION = YES;
				CLANG_WARN_OBJC_ROOT_CLASS = YES_ERROR;
				CLANG_WARN_QUOTED_INCLUDE_IN_FRAMEWORK_HEADER = YES;
				CLANG_WARN_RANGE_LOOP_ANALYSIS = YES;
				CLANG_WARN_STRICT_PROTOTYPES = YES;
				CLANG_WARN_SUSPICIOUS_MOVE = YES;
				CLANG_WARN_UNGUARDED_AVAILABILITY = YES_AGGRESSIVE;
				CLANG_WARN_UNREACHABLE_CODE = YES;
				CLANG_WARN__DUPLICATE_METHOD_MATCH = YES;
				COPY_PHASE_STRIP = NO;
				DEBUG_INFORMATION_FORMAT = dwarf;
				ENABLE_STRICT_OBJC_MSGSEND = YES;
				ENABLE_TESTABILITY = YES;
				GCC_C_LANGUAGE_STANDARD = gnu11;
				GCC_DYNAMIC_NO_PIC = NO;
				GCC_NO_COMMON_BLOCKS = YES;
				GCC_OPTIMIZATION_LEVEL = 0;
				GCC_PREPROCESSOR_DEFINITIONS = (
					"DEBUG=1",
					"$(inherited)",
				);
				GCC_WARN_64_TO_32_BIT_CONVERSION = YES;
				GCC_WARN_ABOUT_RETURN_TYPE = YES_ERROR;
				GCC_WARN_UNDECLARED_SELECTOR = YES;
				GCC_WARN_UNINITIALIZED_AUTOS = YES_AGGRESSIVE;
				GCC_WARN_UNUSED_FUNCTION = YES;
				GCC_WARN_UNUSED_VARIABLE = YES;
				IPHONEOS_DEPLOYMENT_TARGET = 15.0;
				MTL_ENABLE_DEBUG_INFO = INCLUDE_SOURCE;
				MTL_FAST_MATH = YES;
				ONLY_ACTIVE_ARCH = YES;
				SDKROOT = iphoneos;
				SWIFT_ACTIVE_COMPILATION_CONDITIONS = DEBUG;
				SWIFT_OPTIMIZATION_LEVEL = "-Onone";
			};
			name = Debug;
		};
		24F6DC8E27325B1100F73B47 /* Release */ = {
			isa = XCBuildConfiguration;
			buildSettings = {
				ALWAYS_SEARCH_USER_PATHS = NO;
				CLANG_ANALYZER_NONNULL = YES;
				CLANG_ANALYZER_NUMBER_OBJECT_CONVERSION = YES_AGGRESSIVE;
				CLANG_CXX_LANGUAGE_STANDARD = "gnu++17";
				CLANG_CXX_LIBRARY = "libc++";
				CLANG_ENABLE_MODULES = YES;
				CLANG_ENABLE_OBJC_ARC = YES;
				CLANG_ENABLE_OBJC_WEAK = YES;
				CLANG_WARN_BLOCK_CAPTURE_AUTORELEASING = YES;
				CLANG_WARN_BOOL_CONVERSION = YES;
				CLANG_WARN_COMMA = YES;
				CLANG_WARN_CONSTANT_CONVERSION = YES;
				CLANG_WARN_DEPRECATED_OBJC_IMPLEMENTATIONS = YES;
				CLANG_WARN_DIRECT_OBJC_ISA_USAGE = YES_ERROR;
				CLANG_WARN_DOCUMENTATION_COMMENTS = YES;
				CLANG_WARN_EMPTY_BODY = YES;
				CLANG_WARN_ENUM_CONVERSION = YES;
				CLANG_WARN_INFINITE_RECURSION = YES;
				CLANG_WARN_INT_CONVERSION = YES;
				CLANG_WARN_NON_LITERAL_NULL_CONVERSION = YES;
				CLANG_WARN_OBJC_IMPLICIT_RETAIN_SELF = YES;
				CLANG_WARN_OBJC_LITERAL_CONVERSION = YES;
				CLANG_WARN_OBJC_ROOT_CLASS = YES_ERROR;
				CLANG_WARN_QUOTED_INCLUDE_IN_FRAMEWORK_HEADER = YES;
				CLANG_WARN_RANGE_LOOP_ANALYSIS = YES;
				CLANG_WARN_STRICT_PROTOTYPES = YES;
				CLANG_WARN_SUSPICIOUS_MOVE = YES;
				CLANG_WARN_UNGUARDED_AVAILABILITY = YES_AGGRESSIVE;
				CLANG_WARN_UNREACHABLE_CODE = YES;
				CLANG_WARN__DUPLICATE_METHOD_MATCH = YES;
				COPY_PHASE_STRIP = NO;
				DEBUG_INFORMATION_FORMAT = "dwarf-with-dsym";
				ENABLE_NS_ASSERTIONS = NO;
				ENABLE_STRICT_OBJC_MSGSEND = YES;
				GCC_C_LANGUAGE_STANDARD = gnu11;
				GCC_NO_COMMON_BLOCKS = YES;
				GCC_WARN_64_TO_32_BIT_CONVERSION = YES;
				GCC_WARN_ABOUT_RETURN_TYPE = YES_ERROR;
				GCC_WARN_UNDECLARED_SELECTOR = YES;
				GCC_WARN_UNINITIALIZED_AUTOS = YES_AGGRESSIVE;
				GCC_WARN_UNUSED_FUNCTION = YES;
				GCC_WARN_UNUSED_VARIABLE = YES;
				IPHONEOS_DEPLOYMENT_TARGET = 15.0;
				MTL_ENABLE_DEBUG_INFO = NO;
				MTL_FAST_MATH = YES;
				SDKROOT = iphoneos;
				SWIFT_COMPILATION_MODE = wholemodule;
				SWIFT_OPTIMIZATION_LEVEL = "-O";
				VALIDATE_PRODUCT = YES;
			};
			name = Release;
		};
		24F6DC9027325B1100F73B47 /* Debug */ = {
			isa = XCBuildConfiguration;
			buildSettings = {
				ASSETCATALOG_COMPILER_APPICON_NAME = AppIcon;
				ASSETCATALOG_COMPILER_GLOBAL_ACCENT_COLOR_NAME = AccentColor;
				CODE_SIGN_STYLE = Automatic;
				CURRENT_PROJECT_VERSION = 1;
				DEVELOPMENT_ASSET_PATHS = "\"day2-practice/Preview Content\"";
				ENABLE_PREVIEWS = YES;
				GENERATE_INFOPLIST_FILE = YES;
				INFOPLIST_KEY_UIApplicationSceneManifest_Generation = YES;
				INFOPLIST_KEY_UIApplicationSupportsIndirectInputEvents = YES;
				INFOPLIST_KEY_UILaunchScreen_Generation = YES;
				INFOPLIST_KEY_UISupportedInterfaceOrientations_iPad = "UIInterfaceOrientationPortrait UIInterfaceOrientationPortraitUpsideDown UIInterfaceOrientationLandscapeLeft UIInterfaceOrientationLandscapeRight";
				INFOPLIST_KEY_UISupportedInterfaceOrientations_iPhone = "UIInterfaceOrientationPortrait UIInterfaceOrientationLandscapeLeft UIInterfaceOrientationLandscapeRight";
				LD_RUNPATH_SEARCH_PATHS = (
					"$(inherited)",
					"@executable_path/Frameworks",
				);
				MARKETING_VERSION = 1.0;
				PRODUCT_BUNDLE_IDENTIFIER = "kr.co.peoplefund.day2-practice";
				PRODUCT_NAME = "$(TARGET_NAME)";
				SWIFT_EMIT_LOC_STRINGS = YES;
				SWIFT_VERSION = 5.0;
				TARGETED_DEVICE_FAMILY = "1,2";
			};
			name = Debug;
		};
		24F6DC9127325B1100F73B47 /* Release */ = {
			isa = XCBuildConfiguration;
			buildSettings = {
				ASSETCATALOG_COMPILER_APPICON_NAME = AppIcon;
				ASSETCATALOG_COMPILER_GLOBAL_ACCENT_COLOR_NAME = AccentColor;
				CODE_SIGN_STYLE = Automatic;
				CURRENT_PROJECT_VERSION = 1;
				DEVELOPMENT_ASSET_PATHS = "\"day2-practice/Preview Content\"";
				ENABLE_PREVIEWS = YES;
				GENERATE_INFOPLIST_FILE = YES;
				INFOPLIST_KEY_UIApplicationSceneManifest_Generation = YES;
				INFOPLIST_KEY_UIApplicationSupportsIndirectInputEvents = YES;
				INFOPLIST_KEY_UILaunchScreen_Generation = YES;
				INFOPLIST_KEY_UISupportedInterfaceOrientations_iPad = "UIInterfaceOrientationPortrait UIInterfaceOrientationPortraitUpsideDown UIInterfaceOrientationLandscapeLeft UIInterfaceOrientationLandscapeRight";
				INFOPLIST_KEY_UISupportedInterfaceOrientations_iPhone = "UIInterfaceOrientationPortrait UIInterfaceOrientationLandscapeLeft UIInterfaceOrientationLandscapeRight";
				LD_RUNPATH_SEARCH_PATHS = (
					"$(inherited)",
					"@executable_path/Frameworks",
				);
				MARKETING_VERSION = 1.0;
				PRODUCT_BUNDLE_IDENTIFIER = "kr.co.peoplefund.day2-practice";
				PRODUCT_NAME = "$(TARGET_NAME)";
				SWIFT_EMIT_LOC_STRINGS = YES;
				SWIFT_VERSION = 5.0;
				TARGETED_DEVICE_FAMILY = "1,2";
			};
			name = Release;
		};
		24F6DC9327325B1100F73B47 /* Debug */ = {
			isa = XCBuildConfiguration;
			buildSettings = {
				ALWAYS_EMBED_SWIFT_STANDARD_LIBRARIES = YES;
				BUNDLE_LOADER = "$(TEST_HOST)";
				CODE_SIGN_STYLE = Automatic;
				CURRENT_PROJECT_VERSION = 1;
				GENERATE_INFOPLIST_FILE = YES;
				IPHONEOS_DEPLOYMENT_TARGET = 15.0;
				LD_RUNPATH_SEARCH_PATHS = (
					"$(inherited)",
					"@executable_path/Frameworks",
					"@loader_path/Frameworks",
				);
				MARKETING_VERSION = 1.0;
				PRODUCT_BUNDLE_IDENTIFIER = "kr.co.peoplefund.day2-practiceTests";
				PRODUCT_NAME = "$(TARGET_NAME)";
				SWIFT_EMIT_LOC_STRINGS = NO;
				SWIFT_VERSION = 5.0;
				TARGETED_DEVICE_FAMILY = "1,2";
				TEST_HOST = "$(BUILT_PRODUCTS_DIR)/day2-practice.app/day2-practice";
			};
			name = Debug;
		};
		24F6DC9427325B1100F73B47 /* Release */ = {
			isa = XCBuildConfiguration;
			buildSettings = {
				ALWAYS_EMBED_SWIFT_STANDARD_LIBRARIES = YES;
				BUNDLE_LOADER = "$(TEST_HOST)";
				CODE_SIGN_STYLE = Automatic;
				CURRENT_PROJECT_VERSION = 1;
				GENERATE_INFOPLIST_FILE = YES;
				IPHONEOS_DEPLOYMENT_TARGET = 15.0;
				LD_RUNPATH_SEARCH_PATHS = (
					"$(inherited)",
					"@executable_path/Frameworks",
					"@loader_path/Frameworks",
				);
				MARKETING_VERSION = 1.0;
				PRODUCT_BUNDLE_IDENTIFIER = "kr.co.peoplefund.day2-practiceTests";
				PRODUCT_NAME = "$(TARGET_NAME)";
				SWIFT_EMIT_LOC_STRINGS = NO;
				SWIFT_VERSION = 5.0;
				TARGETED_DEVICE_FAMILY = "1,2";
				TEST_HOST = "$(BUILT_PRODUCTS_DIR)/day2-practice.app/day2-practice";
			};
			name = Release;
		};
		24F6DC9627325B1100F73B47 /* Debug */ = {
			isa = XCBuildConfiguration;
			buildSettings = {
				ALWAYS_EMBED_SWIFT_STANDARD_LIBRARIES = YES;
				CODE_SIGN_STYLE = Automatic;
				CURRENT_PROJECT_VERSION = 1;
				GENERATE_INFOPLIST_FILE = YES;
				LD_RUNPATH_SEARCH_PATHS = (
					"$(inherited)",
					"@executable_path/Frameworks",
					"@loader_path/Frameworks",
				);
				MARKETING_VERSION = 1.0;
				PRODUCT_BUNDLE_IDENTIFIER = "kr.co.peoplefund.day2-practiceUITests";
				PRODUCT_NAME = "$(TARGET_NAME)";
				SWIFT_EMIT_LOC_STRINGS = NO;
				SWIFT_VERSION = 5.0;
				TARGETED_DEVICE_FAMILY = "1,2";
				TEST_TARGET_NAME = "day2-practice";
			};
			name = Debug;
		};
		24F6DC9727325B1100F73B47 /* Release */ = {
			isa = XCBuildConfiguration;
			buildSettings = {
				ALWAYS_EMBED_SWIFT_STANDARD_LIBRARIES = YES;
				CODE_SIGN_STYLE = Automatic;
				CURRENT_PROJECT_VERSION = 1;
				GENERATE_INFOPLIST_FILE = YES;
				LD_RUNPATH_SEARCH_PATHS = (
					"$(inherited)",
					"@executable_path/Frameworks",
					"@loader_path/Frameworks",
				);
				MARKETING_VERSION = 1.0;
				PRODUCT_BUNDLE_IDENTIFIER = "kr.co.peoplefund.day2-practiceUITests";
				PRODUCT_NAME = "$(TARGET_NAME)";
				SWIFT_EMIT_LOC_STRINGS = NO;
				SWIFT_VERSION = 5.0;
				TARGETED_DEVICE_FAMILY = "1,2";
				TEST_TARGET_NAME = "day2-practice";
			};
			name = Release;
		};
/* End XCBuildConfiguration section */

/* Begin XCConfigurationList section */
		24F6DC6627325B0F00F73B47 /* Build configuration list for PBXProject "day2-practice" */ = {
			isa = XCConfigurationList;
			buildConfigurations = (
				24F6DC8D27325B1100F73B47 /* Debug */,
				24F6DC8E27325B1100F73B47 /* Release */,
			);
			defaultConfigurationIsVisible = 0;
			defaultConfigurationName = Release;
		};
		24F6DC8F27325B1100F73B47 /* Build configuration list for PBXNativeTarget "day2-practice" */ = {
			isa = XCConfigurationList;
			buildConfigurations = (
				24F6DC9027325B1100F73B47 /* Debug */,
				24F6DC9127325B1100F73B47 /* Release */,
			);
			defaultConfigurationIsVisible = 0;
			defaultConfigurationName = Release;
		};
		24F6DC9227325B1100F73B47 /* Build configuration list for PBXNativeTarget "day2-practiceTests" */ = {
			isa = XCConfigurationList;
			buildConfigurations = (
				24F6DC9327325B1100F73B47 /* Debug */,
				24F6DC9427325B1100F73B47 /* Release */,
			);
			defaultConfigurationIsVisible = 0;
			defaultConfigurationName = Release;
		};
		24F6DC9527325B1100F73B47 /* Build configuration list for PBXNativeTarget "day2-practiceUITests" */ = {
			isa = XCConfigurationList;
			buildConfigurations = (
				24F6DC9627325B1100F73B47 /* Debug */,
				24F6DC9727325B1100F73B47 /* Release */,
			);
			defaultConfigurationIsVisible = 0;
			defaultConfigurationName = Release;
		};
/* End XCConfigurationList section */
	};
	rootObject = 24F6DC6327325B0F00F73B47 /* Project object */;
}
