// !$*UTF8*$!
{
	archiveVersion = 1;
	classes = {
	};
	objectVersion = 55;
	objects = {

/* Begin PBXBuildFile section */
		24F6DC2427310A1F00F73B47 /* ios_practiceApp.swift in Sources */ = {isa = PBXBuildFile; fileRef = 24F6DC2327310A1F00F73B47 /* ios_practiceApp.swift */; };
		24F6DC2627310A1F00F73B47 /* ContentView.swift in Sources */ = {isa = PBXBuildFile; fileRef = 24F6DC2527310A1F00F73B47 /* ContentView.swift */; };
		24F6DC2827310A2000F73B47 /* Assets.xcassets in Resources */ = {isa = PBXBuildFile; fileRef = 24F6DC2727310A2000F73B47 /* Assets.xcassets */; };
		24F6DC2B27310A2000F73B47 /* Preview Assets.xcassets in Resources */ = {isa = PBXBuildFile; fileRef = 24F6DC2A27310A2000F73B47 /* Preview Assets.xcassets */; };
		24F6DC3527310A2000F73B47 /* ios_practiceTests.swift in Sources */ = {isa = PBXBuildFile; fileRef = 24F6DC3427310A2000F73B47 /* ios_practiceTests.swift */; };
		24F6DC3F27310A2000F73B47 /* ios_practiceUITests.swift in Sources */ = {isa = PBXBuildFile; fileRef = 24F6DC3E27310A2000F73B47 /* ios_practiceUITests.swift */; };
		24F6DC4127310A2000F73B47 /* ios_practiceUITestsLaunchTests.swift in Sources */ = {isa = PBXBuildFile; fileRef = 24F6DC4027310A2000F73B47 /* ios_practiceUITestsLaunchTests.swift */; };
/* End PBXBuildFile section */

/* Begin PBXContainerItemProxy section */
		24F6DC3127310A2000F73B47 /* PBXContainerItemProxy */ = {
			isa = PBXContainerItemProxy;
			containerPortal = 24F6DC1827310A1F00F73B47 /* Project object */;
			proxyType = 1;
			remoteGlobalIDString = 24F6DC1F27310A1F00F73B47;
			remoteInfo = "ios-practice";
		};
		24F6DC3B27310A2000F73B47 /* PBXContainerItemProxy */ = {
			isa = PBXContainerItemProxy;
			containerPortal = 24F6DC1827310A1F00F73B47 /* Project object */;
			proxyType = 1;
			remoteGlobalIDString = 24F6DC1F27310A1F00F73B47;
			remoteInfo = "ios-practice";
		};
/* End PBXContainerItemProxy section */

/* Begin PBXFileReference section */
		24F6DC2027310A1F00F73B47 /* ios-practice.app */ = {isa = PBXFileReference; explicitFileType = wrapper.application; includeInIndex = 0; path = "ios-practice.app"; sourceTree = BUILT_PRODUCTS_DIR; };
		24F6DC2327310A1F00F73B47 /* ios_practiceApp.swift */ = {isa = PBXFileReference; lastKnownFileType = sourcecode.swift; path = ios_practiceApp.swift; sourceTree = "<group>"; };
		24F6DC2527310A1F00F73B47 /* ContentView.swift */ = {isa = PBXFileReference; lastKnownFileType = sourcecode.swift; path = ContentView.swift; sourceTree = "<group>"; };
		24F6DC2727310A2000F73B47 /* Assets.xcassets */ = {isa = PBXFileReference; lastKnownFileType = folder.assetcatalog; path = Assets.xcassets; sourceTree = "<group>"; };
		24F6DC2A27310A2000F73B47 /* Preview Assets.xcassets */ = {isa = PBXFileReference; lastKnownFileType = folder.assetcatalog; path = "Preview Assets.xcassets"; sourceTree = "<group>"; };
		24F6DC3027310A2000F73B47 /* ios-practiceTests.xctest */ = {isa = PBXFileReference; explicitFileType = wrapper.cfbundle; includeInIndex = 0; path = "ios-practiceTests.xctest"; sourceTree = BUILT_PRODUCTS_DIR; };
		24F6DC3427310A2000F73B47 /* ios_practiceTests.swift */ = {isa = PBXFileReference; lastKnownFileType = sourcecode.swift; path = ios_practiceTests.swift; sourceTree = "<group>"; };
		24F6DC3A27310A2000F73B47 /* ios-practiceUITests.xctest */ = {isa = PBXFileReference; explicitFileType = wrapper.cfbundle; includeInIndex = 0; path = "ios-practiceUITests.xctest"; sourceTree = BUILT_PRODUCTS_DIR; };
		24F6DC3E27310A2000F73B47 /* ios_practiceUITests.swift */ = {isa = PBXFileReference; lastKnownFileType = sourcecode.swift; path = ios_practiceUITests.swift; sourceTree = "<group>"; };
		24F6DC4027310A2000F73B47 /* ios_practiceUITestsLaunchTests.swift */ = {isa = PBXFileReference; lastKnownFileType = sourcecode.swift; path = ios_practiceUITestsLaunchTests.swift; sourceTree = "<group>"; };
/* End PBXFileReference section */

/* Begin PBXFrameworksBuildPhase section */
		24F6DC1D27310A1F00F73B47 /* Frameworks */ = {
			isa = PBXFrameworksBuildPhase;
			buildActionMask = 2147483647;
			files = (
			);
			runOnlyForDeploymentPostprocessing = 0;
		};
		24F6DC2D27310A2000F73B47 /* Frameworks */ = {
			isa = PBXFrameworksBuildPhase;
			buildActionMask = 2147483647;
			files = (
			);
			runOnlyForDeploymentPostprocessing = 0;
		};
		24F6DC3727310A2000F73B47 /* Frameworks */ = {
			isa = PBXFrameworksBuildPhase;
			buildActionMask = 2147483647;
			files = (
			);
			runOnlyForDeploymentPostprocessing = 0;
		};
/* End PBXFrameworksBuildPhase section */

/* Begin PBXGroup section */
		24F6DC1727310A1F00F73B47 = {
			isa = PBXGroup;
			children = (
				24F6DC2227310A1F00F73B47 /* ios-practice */,
				24F6DC3327310A2000F73B47 /* ios-practiceTests */,
				24F6DC3D27310A2000F73B47 /* ios-practiceUITests */,
				24F6DC2127310A1F00F73B47 /* Products */,
			);
			sourceTree = "<group>";
		};
		24F6DC2127310A1F00F73B47 /* Products */ = {
			isa = PBXGroup;
			children = (
				24F6DC2027310A1F00F73B47 /* ios-practice.app */,
				24F6DC3027310A2000F73B47 /* ios-practiceTests.xctest */,
				24F6DC3A27310A2000F73B47 /* ios-practiceUITests.xctest */,
			);
			name = Products;
			sourceTree = "<group>";
		};
		24F6DC2227310A1F00F73B47 /* ios-practice */ = {
			isa = PBXGroup;
			children = (
				24F6DC2327310A1F00F73B47 /* ios_practiceApp.swift */,
				24F6DC2527310A1F00F73B47 /* ContentView.swift */,
				24F6DC2727310A2000F73B47 /* Assets.xcassets */,
				24F6DC2927310A2000F73B47 /* Preview Content */,
			);
			path = "ios-practice";
			sourceTree = "<group>";
		};
		24F6DC2927310A2000F73B47 /* Preview Content */ = {
			isa = PBXGroup;
			children = (
				24F6DC2A27310A2000F73B47 /* Preview Assets.xcassets */,
			);
			path = "Preview Content";
			sourceTree = "<group>";
		};
		24F6DC3327310A2000F73B47 /* ios-practiceTests */ = {
			isa = PBXGroup;
			children = (
				24F6DC3427310A2000F73B47 /* ios_practiceTests.swift */,
			);
			path = "ios-practiceTests";
			sourceTree = "<group>";
		};
		24F6DC3D27310A2000F73B47 /* ios-practiceUITests */ = {
			isa = PBXGroup;
			children = (
				24F6DC3E27310A2000F73B47 /* ios_practiceUITests.swift */,
				24F6DC4027310A2000F73B47 /* ios_practiceUITestsLaunchTests.swift */,
			);
			path = "ios-practiceUITests";
			sourceTree = "<group>";
		};
/* End PBXGroup section */

/* Begin PBXNativeTarget section */
		24F6DC1F27310A1F00F73B47 /* ios-practice */ = {
			isa = PBXNativeTarget;
			buildConfigurationList = 24F6DC4427310A2000F73B47 /* Build configuration list for PBXNativeTarget "ios-practice" */;
			buildPhases = (
				24F6DC1C27310A1F00F73B47 /* Sources */,
				24F6DC1D27310A1F00F73B47 /* Frameworks */,
				24F6DC1E27310A1F00F73B47 /* Resources */,
			);
			buildRules = (
			);
			dependencies = (
			);
			name = "ios-practice";
			productName = "ios-practice";
			productReference = 24F6DC2027310A1F00F73B47 /* ios-practice.app */;
			productType = "com.apple.product-type.application";
		};
		24F6DC2F27310A2000F73B47 /* ios-practiceTests */ = {
			isa = PBXNativeTarget;
			buildConfigurationList = 24F6DC4727310A2000F73B47 /* Build configuration list for PBXNativeTarget "ios-practiceTests" */;
			buildPhases = (
				24F6DC2C27310A2000F73B47 /* Sources */,
				24F6DC2D27310A2000F73B47 /* Frameworks */,
				24F6DC2E27310A2000F73B47 /* Resources */,
			);
			buildRules = (
			);
			dependencies = (
				24F6DC3227310A2000F73B47 /* PBXTargetDependency */,
			);
			name = "ios-practiceTests";
			productName = "ios-practiceTests";
			productReference = 24F6DC3027310A2000F73B47 /* ios-practiceTests.xctest */;
			productType = "com.apple.product-type.bundle.unit-test";
		};
		24F6DC3927310A2000F73B47 /* ios-practiceUITests */ = {
			isa = PBXNativeTarget;
			buildConfigurationList = 24F6DC4A27310A2000F73B47 /* Build configuration list for PBXNativeTarget "ios-practiceUITests" */;
			buildPhases = (
				24F6DC3627310A2000F73B47 /* Sources */,
				24F6DC3727310A2000F73B47 /* Frameworks */,
				24F6DC3827310A2000F73B47 /* Resources */,
			);
			buildRules = (
			);
			dependencies = (
				24F6DC3C27310A2000F73B47 /* PBXTargetDependency */,
			);
			name = "ios-practiceUITests";
			productName = "ios-practiceUITests";
			productReference = 24F6DC3A27310A2000F73B47 /* ios-practiceUITests.xctest */;
			productType = "com.apple.product-type.bundle.ui-testing";
		};
/* End PBXNativeTarget section */

/* Begin PBXProject section */
		24F6DC1827310A1F00F73B47 /* Project object */ = {
			isa = PBXProject;
			attributes = {
				BuildIndependentTargetsInParallel = 1;
				LastSwiftUpdateCheck = 1310;
				LastUpgradeCheck = 1310;
				TargetAttributes = {
					24F6DC1F27310A1F00F73B47 = {
						CreatedOnToolsVersion = 13.1;
					};
					24F6DC2F27310A2000F73B47 = {
						CreatedOnToolsVersion = 13.1;
						TestTargetID = 24F6DC1F27310A1F00F73B47;
					};
					24F6DC3927310A2000F73B47 = {
						CreatedOnToolsVersion = 13.1;
						TestTargetID = 24F6DC1F27310A1F00F73B47;
					};
				};
			};
			buildConfigurationList = 24F6DC1B27310A1F00F73B47 /* Build configuration list for PBXProject "ios-practice" */;
			compatibilityVersion = "Xcode 13.0";
			developmentRegion = en;
			hasScannedForEncodings = 0;
			knownRegions = (
				en,
				Base,
			);
			mainGroup = 24F6DC1727310A1F00F73B47;
			productRefGroup = 24F6DC2127310A1F00F73B47 /* Products */;
			projectDirPath = "";
			projectRoot = "";
			targets = (
				24F6DC1F27310A1F00F73B47 /* ios-practice */,
				24F6DC2F27310A2000F73B47 /* ios-practiceTests */,
				24F6DC3927310A2000F73B47 /* ios-practiceUITests */,
			);
		};
/* End PBXProject section */

/* Begin PBXResourcesBuildPhase section */
		24F6DC1E27310A1F00F73B47 /* Resources */ = {
			isa = PBXResourcesBuildPhase;
			buildActionMask = 2147483647;
			files = (
				24F6DC2B27310A2000F73B47 /* Preview Assets.xcassets in Resources */,
				24F6DC2827310A2000F73B47 /* Assets.xcassets in Resources */,
			);
			runOnlyForDeploymentPostprocessing = 0;
		};
		24F6DC2E27310A2000F73B47 /* Resources */ = {
			isa = PBXResourcesBuildPhase;
			buildActionMask = 2147483647;
			files = (
			);
			runOnlyForDeploymentPostprocessing = 0;
		};
		24F6DC3827310A2000F73B47 /* Resources */ = {
			isa = PBXResourcesBuildPhase;
			buildActionMask = 2147483647;
			files = (
			);
			runOnlyForDeploymentPostprocessing = 0;
		};
/* End PBXResourcesBuildPhase section */

/* Begin PBXSourcesBuildPhase section */
		24F6DC1C27310A1F00F73B47 /* Sources */ = {
			isa = PBXSourcesBuildPhase;
			buildActionMask = 2147483647;
			files = (
				24F6DC2627310A1F00F73B47 /* ContentView.swift in Sources */,
				24F6DC2427310A1F00F73B47 /* ios_practiceApp.swift in Sources */,
			);
			runOnlyForDeploymentPostprocessing = 0;
		};
		24F6DC2C27310A2000F73B47 /* Sources */ = {
			isa = PBXSourcesBuildPhase;
			buildActionMask = 2147483647;
			files = (
				24F6DC3527310A2000F73B47 /* ios_practiceTests.swift in Sources */,
			);
			runOnlyForDeploymentPostprocessing = 0;
		};
		24F6DC3627310A2000F73B47 /* Sources */ = {
			isa = PBXSourcesBuildPhase;
			buildActionMask = 2147483647;
			files = (
				24F6DC3F27310A2000F73B47 /* ios_practiceUITests.swift in Sources */,
				24F6DC4127310A2000F73B47 /* ios_practiceUITestsLaunchTests.swift in Sources */,
			);
			runOnlyForDeploymentPostprocessing = 0;
		};
/* End PBXSourcesBuildPhase section */

/* Begin PBXTargetDependency section */
		24F6DC3227310A2000F73B47 /* PBXTargetDependency */ = {
			isa = PBXTargetDependency;
			target = 24F6DC1F27310A1F00F73B47 /* ios-practice */;
			targetProxy = 24F6DC3127310A2000F73B47 /* PBXContainerItemProxy */;
		};
		24F6DC3C27310A2000F73B47 /* PBXTargetDependency */ = {
			isa = PBXTargetDependency;
			target = 24F6DC1F27310A1F00F73B47 /* ios-practice */;
			targetProxy = 24F6DC3B27310A2000F73B47 /* PBXContainerItemProxy */;
		};
/* End PBXTargetDependency section */

/* Begin XCBuildConfiguration section */
		24F6DC4227310A2000F73B47 /* Debug */ = {
			isa = XCBuildConfiguration;
			buildSettings = {
				ALWAYS_SEARCH_USER_PATHS = NO;
				CLANG_ANALYZER_NONNULL = YES;
				CLANG_ANALYZER_NUMBER_OBJECT_CONVERSION = YES_AGGRESSIVE;
				CLANG_CXX_LANGUAGE_STANDARD = "gnu++17";
				CLANG_CXX_LIBRARY = "libc++";
				CLANG_ENABLE_MODULES = YES;
				CLANG_ENABLE_OBJC_ARC = YES;
				CLANG_ENABLE_OBJC_WEAK = YES;
				CLANG_WARN_BLOCK_CAPTURE_AUTORELEASING = YES;
				CLANG_WARN_BOOL_CONVERSION = YES;
				CLANG_WARN_COMMA = YES;
				CLANG_WARN_CONSTANT_CONVERSION = YES;
				CLANG_WARN_DEPRECATED_OBJC_IMPLEMENTATIONS = YES;
				CLANG_WARN_DIRECT_OBJC_ISA_USAGE = YES_ERROR;
				CLANG_WARN_DOCUMENTATION_COMMENTS = YES;
				CLANG_WARN_EMPTY_BODY = YES;
				CLANG_WARN_ENUM_CONVERSION = YES;
				CLANG_WARN_INFINITE_RECURSION = YES;
				CLANG_WARN_INT_CONVERSION = YES;
				CLANG_WARN_NON_LITERAL_NULL_CONVERSION = YES;
				CLANG_WARN_OBJC_IMPLICIT_RETAIN_SELF = YES;
				CLANG_WARN_OBJC_LITERAL_CONVERSION = YES;
				CLANG_WARN_OBJC_ROOT_CLASS = YES_ERROR;
				CLANG_WARN_QUOTED_INCLUDE_IN_FRAMEWORK_HEADER = YES;
				CLANG_WARN_RANGE_LOOP_ANALYSIS = YES;
				CLANG_WARN_STRICT_PROTOTYPES = YES;
				CLANG_WARN_SUSPICIOUS_MOVE = YES;
				CLANG_WARN_UNGUARDED_AVAILABILITY = YES_AGGRESSIVE;
				CLANG_WARN_UNREACHABLE_CODE = YES;
				CLANG_WARN__DUPLICATE_METHOD_MATCH = YES;
				COPY_PHASE_STRIP = NO;
				DEBUG_INFORMATION_FORMAT = dwarf;
				ENABLE_STRICT_OBJC_MSGSEND = YES;
				ENABLE_TESTABILITY = YES;
				GCC_C_LANGUAGE_STANDARD = gnu11;
				GCC_DYNAMIC_NO_PIC = NO;
				GCC_NO_COMMON_BLOCKS = YES;
				GCC_OPTIMIZATION_LEVEL = 0;
				GCC_PREPROCESSOR_DEFINITIONS = (
					"DEBUG=1",
					"$(inherited)",
				);
				GCC_WARN_64_TO_32_BIT_CONVERSION = YES;
				GCC_WARN_ABOUT_RETURN_TYPE = YES_ERROR;
				GCC_WARN_UNDECLARED_SELECTOR = YES;
				GCC_WARN_UNINITIALIZED_AUTOS = YES_AGGRESSIVE;
				GCC_WARN_UNUSED_FUNCTION = YES;
				GCC_WARN_UNUSED_VARIABLE = YES;
				IPHONEOS_DEPLOYMENT_TARGET = 15.0;
				MTL_ENABLE_DEBUG_INFO = INCLUDE_SOURCE;
				MTL_FAST_MATH = YES;
				ONLY_ACTIVE_ARCH = YES;
				SDKROOT = iphoneos;
				SWIFT_ACTIVE_COMPILATION_CONDITIONS = DEBUG;
				SWIFT_OPTIMIZATION_LEVEL = "-Onone";
			};
			name = Debug;
		};
		24F6DC4327310A2000F73B47 /* Release */ = {
			isa = XCBuildConfiguration;
			buildSettings = {
				ALWAYS_SEARCH_USER_PATHS = NO;
				CLANG_ANALYZER_NONNULL = YES;
				CLANG_ANALYZER_NUMBER_OBJECT_CONVERSION = YES_AGGRESSIVE;
				CLANG_CXX_LANGUAGE_STANDARD = "gnu++17";
				CLANG_CXX_LIBRARY = "libc++";
				CLANG_ENABLE_MODULES = YES;
				CLANG_ENABLE_OBJC_ARC = YES;
				CLANG_ENABLE_OBJC_WEAK = YES;
				CLANG_WARN_BLOCK_CAPTURE_AUTORELEASING = YES;
				CLANG_WARN_BOOL_CONVERSION = YES;
				CLANG_WARN_COMMA = YES;
				CLANG_WARN_CONSTANT_CONVERSION = YES;
				CLANG_WARN_DEPRECATED_OBJC_IMPLEMENTATIONS = YES;
				CLANG_WARN_DIRECT_OBJC_ISA_USAGE = YES_ERROR;
				CLANG_WARN_DOCUMENTATION_COMMENTS = YES;
				CLANG_WARN_EMPTY_BODY = YES;
				CLANG_WARN_ENUM_CONVERSION = YES;
				CLANG_WARN_INFINITE_RECURSION = YES;
				CLANG_WARN_INT_CONVERSION = YES;
				CLANG_WARN_NON_LITERAL_NULL_CONVERSION = YES;
				CLANG_WARN_OBJC_IMPLICIT_RETAIN_SELF = YES;
				CLANG_WARN_OBJC_LITERAL_CONVERSION = YES;
				CLANG_WARN_OBJC_ROOT_CLASS = YES_ERROR;
				CLANG_WARN_QUOTED_INCLUDE_IN_FRAMEWORK_HEADER = YES;
				CLANG_WARN_RANGE_LOOP_ANALYSIS = YES;
				CLANG_WARN_STRICT_PROTOTYPES = YES;
				CLANG_WARN_SUSPICIOUS_MOVE = YES;
				CLANG_WARN_UNGUARDED_AVAILABILITY = YES_AGGRESSIVE;
				CLANG_WARN_UNREACHABLE_CODE = YES;
				CLANG_WARN__DUPLICATE_METHOD_MATCH = YES;
				COPY_PHASE_STRIP = NO;
				DEBUG_INFORMATION_FORMAT = "dwarf-with-dsym";
				ENABLE_NS_ASSERTIONS = NO;
				ENABLE_STRICT_OBJC_MSGSEND = YES;
				GCC_C_LANGUAGE_STANDARD = gnu11;
				GCC_NO_COMMON_BLOCKS = YES;
				GCC_WARN_64_TO_32_BIT_CONVERSION = YES;
				GCC_WARN_ABOUT_RETURN_TYPE = YES_ERROR;
				GCC_WARN_UNDECLARED_SELECTOR = YES;
				GCC_WARN_UNINITIALIZED_AUTOS = YES_AGGRESSIVE;
				GCC_WARN_UNUSED_FUNCTION = YES;
				GCC_WARN_UNUSED_VARIABLE = YES;
				IPHONEOS_DEPLOYMENT_TARGET = 15.0;
				MTL_ENABLE_DEBUG_INFO = NO;
				MTL_FAST_MATH = YES;
				SDKROOT = iphoneos;
				SWIFT_COMPILATION_MODE = wholemodule;
				SWIFT_OPTIMIZATION_LEVEL = "-O";
				VALIDATE_PRODUCT = YES;
			};
			name = Release;
		};
		24F6DC4527310A2000F73B47 /* Debug */ = {
			isa = XCBuildConfiguration;
			buildSettings = {
				ASSETCATALOG_COMPILER_APPICON_NAME = AppIcon;
				ASSETCATALOG_COMPILER_GLOBAL_ACCENT_COLOR_NAME = AccentColor;
				CODE_SIGN_STYLE = Automatic;
				CURRENT_PROJECT_VERSION = 1;
				DEVELOPMENT_ASSET_PATHS = "\"ios-practice/Preview Content\"";
				ENABLE_PREVIEWS = YES;
				GENERATE_INFOPLIST_FILE = YES;
				INFOPLIST_KEY_UIApplicationSceneManifest_Generation = YES;
				INFOPLIST_KEY_UIApplicationSupportsIndirectInputEvents = YES;
				INFOPLIST_KEY_UILaunchScreen_Generation = YES;
				INFOPLIST_KEY_UISupportedInterfaceOrientations_iPad = "UIInterfaceOrientationPortrait UIInterfaceOrientationPortraitUpsideDown UIInterfaceOrientationLandscapeLeft UIInterfaceOrientationLandscapeRight";
				INFOPLIST_KEY_UISupportedInterfaceOrientations_iPhone = "UIInterfaceOrientationPortrait UIInterfaceOrientationLandscapeLeft UIInterfaceOrientationLandscapeRight";
				LD_RUNPATH_SEARCH_PATHS = (
					"$(inherited)",
					"@executable_path/Frameworks",
				);
				MARKETING_VERSION = 1.0;
				PRODUCT_BUNDLE_IDENTIFIER = "kr.co.peoplefund.ios-practice";
				PRODUCT_NAME = "$(TARGET_NAME)";
				SWIFT_EMIT_LOC_STRINGS = YES;
				SWIFT_VERSION = 5.0;
				TARGETED_DEVICE_FAMILY = "1,2";
			};
			name = Debug;
		};
		24F6DC4627310A2000F73B47 /* Release */ = {
			isa = XCBuildConfiguration;
			buildSettings = {
				ASSETCATALOG_COMPILER_APPICON_NAME = AppIcon;
				ASSETCATALOG_COMPILER_GLOBAL_ACCENT_COLOR_NAME = AccentColor;
				CODE_SIGN_STYLE = Automatic;
				CURRENT_PROJECT_VERSION = 1;
				DEVELOPMENT_ASSET_PATHS = "\"ios-practice/Preview Content\"";
				ENABLE_PREVIEWS = YES;
				GENERATE_INFOPLIST_FILE = YES;
				INFOPLIST_KEY_UIApplicationSceneManifest_Generation = YES;
				INFOPLIST_KEY_UIApplicationSupportsIndirectInputEvents = YES;
				INFOPLIST_KEY_UILaunchScreen_Generation = YES;
				INFOPLIST_KEY_UISupportedInterfaceOrientations_iPad = "UIInterfaceOrientationPortrait UIInterfaceOrientationPortraitUpsideDown UIInterfaceOrientationLandscapeLeft UIInterfaceOrientationLandscapeRight";
				INFOPLIST_KEY_UISupportedInterfaceOrientations_iPhone = "UIInterfaceOrientationPortrait UIInterfaceOrientationLandscapeLeft UIInterfaceOrientationLandscapeRight";
				LD_RUNPATH_SEARCH_PATHS = (
					"$(inherited)",
					"@executable_path/Frameworks",
				);
				MARKETING_VERSION = 1.0;
				PRODUCT_BUNDLE_IDENTIFIER = "kr.co.peoplefund.ios-practice";
				PRODUCT_NAME = "$(TARGET_NAME)";
				SWIFT_EMIT_LOC_STRINGS = YES;
				SWIFT_VERSION = 5.0;
				TARGETED_DEVICE_FAMILY = "1,2";
			};
			name = Release;
		};
		24F6DC4827310A2000F73B47 /* Debug */ = {
			isa = XCBuildConfiguration;
			buildSettings = {
				ALWAYS_EMBED_SWIFT_STANDARD_LIBRARIES = YES;
				BUNDLE_LOADER = "$(TEST_HOST)";
				CODE_SIGN_STYLE = Automatic;
				CURRENT_PROJECT_VERSION = 1;
				GENERATE_INFOPLIST_FILE = YES;
				IPHONEOS_DEPLOYMENT_TARGET = 15.0;
				LD_RUNPATH_SEARCH_PATHS = (
					"$(inherited)",
					"@executable_path/Frameworks",
					"@loader_path/Frameworks",
				);
				MARKETING_VERSION = 1.0;
				PRODUCT_BUNDLE_IDENTIFIER = "kr.co.peoplefund.ios-practiceTests";
				PRODUCT_NAME = "$(TARGET_NAME)";
				SWIFT_EMIT_LOC_STRINGS = NO;
				SWIFT_VERSION = 5.0;
				TARGETED_DEVICE_FAMILY = "1,2";
				TEST_HOST = "$(BUILT_PRODUCTS_DIR)/ios-practice.app/ios-practice";
			};
			name = Debug;
		};
		24F6DC4927310A2000F73B47 /* Release */ = {
			isa = XCBuildConfiguration;
			buildSettings = {
				ALWAYS_EMBED_SWIFT_STANDARD_LIBRARIES = YES;
				BUNDLE_LOADER = "$(TEST_HOST)";
				CODE_SIGN_STYLE = Automatic;
				CURRENT_PROJECT_VERSION = 1;
				GENERATE_INFOPLIST_FILE = YES;
				IPHONEOS_DEPLOYMENT_TARGET = 15.0;
				LD_RUNPATH_SEARCH_PATHS = (
					"$(inherited)",
					"@executable_path/Frameworks",
					"@loader_path/Frameworks",
				);
				MARKETING_VERSION = 1.0;
				PRODUCT_BUNDLE_IDENTIFIER = "kr.co.peoplefund.ios-practiceTests";
				PRODUCT_NAME = "$(TARGET_NAME)";
				SWIFT_EMIT_LOC_STRINGS = NO;
				SWIFT_VERSION = 5.0;
				TARGETED_DEVICE_FAMILY = "1,2";
				TEST_HOST = "$(BUILT_PRODUCTS_DIR)/ios-practice.app/ios-practice";
			};
			name = Release;
		};
		24F6DC4B27310A2000F73B47 /* Debug */ = {
			isa = XCBuildConfiguration;
			buildSettings = {
				ALWAYS_EMBED_SWIFT_STANDARD_LIBRARIES = YES;
				CODE_SIGN_STYLE = Automatic;
				CURRENT_PROJECT_VERSION = 1;
				GENERATE_INFOPLIST_FILE = YES;
				LD_RUNPATH_SEARCH_PATHS = (
					"$(inherited)",
					"@executable_path/Frameworks",
					"@loader_path/Frameworks",
				);
				MARKETING_VERSION = 1.0;
				PRODUCT_BUNDLE_IDENTIFIER = "kr.co.peoplefund.ios-practiceUITests";
				PRODUCT_NAME = "$(TARGET_NAME)";
				SWIFT_EMIT_LOC_STRINGS = NO;
				SWIFT_VERSION = 5.0;
				TARGETED_DEVICE_FAMILY = "1,2";
				TEST_TARGET_NAME = "ios-practice";
			};
			name = Debug;
		};
		24F6DC4C27310A2000F73B47 /* Release */ = {
			isa = XCBuildConfiguration;
			buildSettings = {
				ALWAYS_EMBED_SWIFT_STANDARD_LIBRARIES = YES;
				CODE_SIGN_STYLE = Automatic;
				CURRENT_PROJECT_VERSION = 1;
				GENERATE_INFOPLIST_FILE = YES;
				LD_RUNPATH_SEARCH_PATHS = (
					"$(inherited)",
					"@executable_path/Frameworks",
					"@loader_path/Frameworks",
				);
				MARKETING_VERSION = 1.0;
				PRODUCT_BUNDLE_IDENTIFIER = "kr.co.peoplefund.ios-practiceUITests";
				PRODUCT_NAME = "$(TARGET_NAME)";
				SWIFT_EMIT_LOC_STRINGS = NO;
				SWIFT_VERSION = 5.0;
				TARGETED_DEVICE_FAMILY = "1,2";
				TEST_TARGET_NAME = "ios-practice";
			};
			name = Release;
		};
/* End XCBuildConfiguration section */

/* Begin XCConfigurationList section */
		24F6DC1B27310A1F00F73B47 /* Build configuration list for PBXProject "ios-practice" */ = {
			isa = XCConfigurationList;
			buildConfigurations = (
				24F6DC4227310A2000F73B47 /* Debug */,
				24F6DC4327310A2000F73B47 /* Release */,
			);
			defaultConfigurationIsVisible = 0;
			defaultConfigurationName = Release;
		};
		24F6DC4427310A2000F73B47 /* Build configuration list for PBXNativeTarget "ios-practice" */ = {
			isa = XCConfigurationList;
			buildConfigurations = (
				24F6DC4527310A2000F73B47 /* Debug */,
				24F6DC4627310A2000F73B47 /* Release */,
			);
			defaultConfigurationIsVisible = 0;
			defaultConfigurationName = Release;
		};
		24F6DC4727310A2000F73B47 /* Build configuration list for PBXNativeTarget "ios-practiceTests" */ = {
			isa = XCConfigurationList;
			buildConfigurations = (
				24F6DC4827310A2000F73B47 /* Debug */,
				24F6DC4927310A2000F73B47 /* Release */,
			);
			defaultConfigurationIsVisible = 0;
			defaultConfigurationName = Release;
		};
		24F6DC4A27310A2000F73B47 /* Build configuration list for PBXNativeTarget "ios-practiceUITests" */ = {
			isa = XCConfigurationList;
			buildConfigurations = (
				24F6DC4B27310A2000F73B47 /* Debug */,
				24F6DC4C27310A2000F73B47 /* Release */,
			);
			defaultConfigurationIsVisible = 0;
			defaultConfigurationName = Release;
		};
/* End XCConfigurationList section */
	};
	rootObject = 24F6DC1827310A1F00F73B47 /* Project object */;
}
